
Microsoft Visual Studio Solution File, Format Version 12.00
# Visual Studio Version 17
VisualStudioVersion = 17.0.31903.59
MinimumVisualStudioVersion = 10.0.40219.1
Project("{FAE04EC0-301F-11D3-BF4B-00C04F79EFBC}") = "HomeWorkTelegramFramwork4", "HomeWorkTelegramFramwork4\HomeWorkTelegramFramwork4.csproj", "{080419F5-9F77-4F12-98FD-CCC05B745D9B}"
EndProject
Project("{FAE04EC0-301F-11D3-BF4B-00C04F79EFBC}") = "HomeWorkBotTest", "HomeWorkBotTest\HomeWorkBotTest.csproj", "{FE15E351-CB2F-41CA-906B-BF4930ED3B11}"
EndProject
Global
	GlobalSection(SolutionConfigurationPlatforms) = preSolution
		Debug|Any CPU = Debug|Any CPU
		Release|Any CPU = Release|Any CPU
	EndGlobalSection
	GlobalSection(ProjectConfigurationPlatforms) = postSolution
		{080419F5-9F77-4F12-98FD-CCC05B745D9B}.Debug|Any CPU.ActiveCfg = Debug|Any CPU
		{080419F5-9F77-4F12-98FD-CCC05B745D9B}.Debug|Any CPU.Build.0 = Debug|Any CPU
		{080419F5-9F77-4F12-98FD-CCC05B745D9B}.Release|Any CPU.ActiveCfg = Release|Any CPU
		{080419F5-9F77-4F12-98FD-CCC05B745D9B}.Release|Any CPU.Build.0 = Release|Any CPU
		{FE15E351-CB2F-41CA-906B-BF4930ED3B11}.Debug|Any CPU.ActiveCfg = Debug|Any CPU
		{FE15E351-CB2F-41CA-906B-BF4930ED3B11}.Debug|Any CPU.Build.0 = Debug|Any CPU
		{FE15E351-CB2F-41CA-906B-BF4930ED3B11}.Release|Any CPU.ActiveCfg = Release|Any CPU
		{FE15E351-CB2F-41CA-906B-BF4930ED3B11}.Release|Any CPU.Build.0 = Release|Any CPU
	EndGlobalSection
	GlobalSection(SolutionProperties) = preSolution
		HideSolutionNode = FALSE
	EndGlobalSection
	GlobalSection(ExtensibilityGlobals) = postSolution
		SolutionGuid = {E10D8BC3-BDFE-4384-ABC4-143DA7C1402C}
	EndGlobalSection
EndGlobal
